// !$*UTF8*$!
{
	archiveVersion = 1;
	classes = {
	};
	objectVersion = 50;
	objects = {

/* Begin PBXBuildFile section */
		18E4648B22521A1400E09325 /* AppDelegate.swift in Sources */ = {isa = PBXBuildFile; fileRef = 18E4648A22521A1400E09325 /* AppDelegate.swift */; };
		18E4648D22521A1400E09325 /* ViewController.swift in Sources */ = {isa = PBXBuildFile; fileRef = 18E4648C22521A1400E09325 /* ViewController.swift */; };
		18E4649022521A1400E09325 /* Main.storyboard in Resources */ = {isa = PBXBuildFile; fileRef = 18E4648E22521A1400E09325 /* Main.storyboard */; };
		18E4649222521A1500E09325 /* Assets.xcassets in Resources */ = {isa = PBXBuildFile; fileRef = 18E4649122521A1500E09325 /* Assets.xcassets */; };
		18E4649522521A1500E09325 /* LaunchScreen.storyboard in Resources */ = {isa = PBXBuildFile; fileRef = 18E4649322521A1500E09325 /* LaunchScreen.storyboard */; };
		18E464A022521A1500E09325 /* ____Tests.swift in Sources */ = {isa = PBXBuildFile; fileRef = 18E4649F22521A1500E09325 /* ____Tests.swift */; };
		18E464AB22521A1500E09325 /* ____UITests.swift in Sources */ = {isa = PBXBuildFile; fileRef = 18E464AA22521A1500E09325 /* ____UITests.swift */; };
/* End PBXBuildFile section */

/* Begin PBXContainerItemProxy section */
		18E4649C22521A1500E09325 /* PBXContainerItemProxy */ = {
			isa = PBXContainerItemProxy;
			containerPortal = 18E4647F22521A1400E09325 /* Project object */;
			proxyType = 1;
			remoteGlobalIDString = 18E4648622521A1400E09325;
			remoteInfo = "猜彈專家";
		};
		18E464A722521A1500E09325 /* PBXContainerItemProxy */ = {
			isa = PBXContainerItemProxy;
			containerPortal = 18E4647F22521A1400E09325 /* Project object */;
			proxyType = 1;
			remoteGlobalIDString = 18E4648622521A1400E09325;
			remoteInfo = "猜彈專家";
		};
/* End PBXContainerItemProxy section */

/* Begin PBXFileReference section */
		18E4648722521A1400E09325 /* 猜彈專家.app */ = {isa = PBXFileReference; explicitFileType = wrapper.application; includeInIndex = 0; path = "猜彈專家.app"; sourceTree = BUILT_PRODUCTS_DIR; };
		18E4648A22521A1400E09325 /* AppDelegate.swift */ = {isa = PBXFileReference; lastKnownFileType = sourcecode.swift; path = AppDelegate.swift; sourceTree = "<group>"; };
		18E4648C22521A1400E09325 /* ViewController.swift */ = {isa = PBXFileReference; lastKnownFileType = sourcecode.swift; path = ViewController.swift; sourceTree = "<group>"; };
		18E4648F22521A1400E09325 /* Base */ = {isa = PBXFileReference; lastKnownFileType = file.storyboard; name = Base; path = Base.lproj/Main.storyboard; sourceTree = "<group>"; };
		18E4649122521A1500E09325 /* Assets.xcassets */ = {isa = PBXFileReference; lastKnownFileType = folder.assetcatalog; path = Assets.xcassets; sourceTree = "<group>"; };
		18E4649422521A1500E09325 /* Base */ = {isa = PBXFileReference; lastKnownFileType = file.storyboard; name = Base; path = Base.lproj/LaunchScreen.storyboard; sourceTree = "<group>"; };
		18E4649622521A1500E09325 /* Info.plist */ = {isa = PBXFileReference; lastKnownFileType = text.plist.xml; path = Info.plist; sourceTree = "<group>"; };
		18E4649B22521A1500E09325 /* 猜彈專家Tests.xctest */ = {isa = PBXFileReference; explicitFileType = wrapper.cfbundle; includeInIndex = 0; path = "猜彈專家Tests.xctest"; sourceTree = BUILT_PRODUCTS_DIR; };
		18E4649F22521A1500E09325 /* ____Tests.swift */ = {isa = PBXFileReference; lastKnownFileType = sourcecode.swift; path = "____Tests.swift"; sourceTree = "<group>"; };
		18E464A122521A1500E09325 /* Info.plist */ = {isa = PBXFileReference; lastKnownFileType = text.plist.xml; path = Info.plist; sourceTree = "<group>"; };
		18E464A622521A1500E09325 /* 猜彈專家UITests.xctest */ = {isa = PBXFileReference; explicitFileType = wrapper.cfbundle; includeInIndex = 0; path = "猜彈專家UITests.xctest"; sourceTree = BUILT_PRODUCTS_DIR; };
		18E464AA22521A1500E09325 /* ____UITests.swift */ = {isa = PBXFileReference; lastKnownFileType = sourcecode.swift; path = "____UITests.swift"; sourceTree = "<group>"; };
		18E464AC22521A1500E09325 /* Info.plist */ = {isa = PBXFileReference; lastKnownFileType = text.plist.xml; path = Info.plist; sourceTree = "<group>"; };
/* End PBXFileReference section */

/* Begin PBXFrameworksBuildPhase section */
		18E4648422521A1400E09325 /* Frameworks */ = {
			isa = PBXFrameworksBuildPhase;
			buildActionMask = 2147483647;
			files = (
			);
			runOnlyForDeploymentPostprocessing = 0;
		};
		18E4649822521A1500E09325 /* Frameworks */ = {
			isa = PBXFrameworksBuildPhase;
			buildActionMask = 2147483647;
			files = (
			);
			runOnlyForDeploymentPostprocessing = 0;
		};
		18E464A322521A1500E09325 /* Frameworks */ = {
			isa = PBXFrameworksBuildPhase;
			buildActionMask = 2147483647;
			files = (
			);
			runOnlyForDeploymentPostprocessing = 0;
		};
/* End PBXFrameworksBuildPhase section */

/* Begin PBXGroup section */
		18E4647E22521A1400E09325 = {
			isa = PBXGroup;
			children = (
				18E4648922521A1400E09325 /* 猜彈專家 */,
				18E4649E22521A1500E09325 /* 猜彈專家Tests */,
				18E464A922521A1500E09325 /* 猜彈專家UITests */,
				18E4648822521A1400E09325 /* Products */,
			);
			sourceTree = "<group>";
		};
		18E4648822521A1400E09325 /* Products */ = {
			isa = PBXGroup;
			children = (
				18E4648722521A1400E09325 /* 猜彈專家.app */,
				18E4649B22521A1500E09325 /* 猜彈專家Tests.xctest */,
				18E464A622521A1500E09325 /* 猜彈專家UITests.xctest */,
			);
			name = Products;
			sourceTree = "<group>";
		};
		18E4648922521A1400E09325 /* 猜彈專家 */ = {
			isa = PBXGroup;
			children = (
				18E4648A22521A1400E09325 /* AppDelegate.swift */,
				18E4648C22521A1400E09325 /* ViewController.swift */,
				18E4648E22521A1400E09325 /* Main.storyboard */,
				18E4649122521A1500E09325 /* Assets.xcassets */,
				18E4649322521A1500E09325 /* LaunchScreen.storyboard */,
				18E4649622521A1500E09325 /* Info.plist */,
			);
			path = "猜彈專家";
			sourceTree = "<group>";
		};
		18E4649E22521A1500E09325 /* 猜彈專家Tests */ = {
			isa = PBXGroup;
			children = (
				18E4649F22521A1500E09325 /* ____Tests.swift */,
				18E464A122521A1500E09325 /* Info.plist */,
			);
			path = "猜彈專家Tests";
			sourceTree = "<group>";
		};
		18E464A922521A1500E09325 /* 猜彈專家UITests */ = {
			isa = PBXGroup;
			children = (
				18E464AA22521A1500E09325 /* ____UITests.swift */,
				18E464AC22521A1500E09325 /* Info.plist */,
			);
			path = "猜彈專家UITests";
			sourceTree = "<group>";
		};
/* End PBXGroup section */

/* Begin PBXNativeTarget section */
		18E4648622521A1400E09325 /* 猜彈專家 */ = {
			isa = PBXNativeTarget;
			buildConfigurationList = 18E464AF22521A1500E09325 /* Build configuration list for PBXNativeTarget "猜彈專家" */;
			buildPhases = (
				18E4648322521A1400E09325 /* Sources */,
				18E4648422521A1400E09325 /* Frameworks */,
				18E4648522521A1400E09325 /* Resources */,
			);
			buildRules = (
			);
			dependencies = (
			);
			name = "猜彈專家";
			productName = "猜彈專家";
			productReference = 18E4648722521A1400E09325 /* 猜彈專家.app */;
			productType = "com.apple.product-type.application";
		};
		18E4649A22521A1500E09325 /* 猜彈專家Tests */ = {
			isa = PBXNativeTarget;
			buildConfigurationList = 18E464B222521A1500E09325 /* Build configuration list for PBXNativeTarget "猜彈專家Tests" */;
			buildPhases = (
				18E4649722521A1500E09325 /* Sources */,
				18E4649822521A1500E09325 /* Frameworks */,
				18E4649922521A1500E09325 /* Resources */,
			);
			buildRules = (
			);
			dependencies = (
				18E4649D22521A1500E09325 /* PBXTargetDependency */,
			);
			name = "猜彈專家Tests";
			productName = "猜彈專家Tests";
			productReference = 18E4649B22521A1500E09325 /* 猜彈專家Tests.xctest */;
			productType = "com.apple.product-type.bundle.unit-test";
		};
		18E464A522521A1500E09325 /* 猜彈專家UITests */ = {
			isa = PBXNativeTarget;
			buildConfigurationList = 18E464B522521A1500E09325 /* Build configuration list for PBXNativeTarget "猜彈專家UITests" */;
			buildPhases = (
				18E464A222521A1500E09325 /* Sources */,
				18E464A322521A1500E09325 /* Frameworks */,
				18E464A422521A1500E09325 /* Resources */,
			);
			buildRules = (
			);
			dependencies = (
				18E464A822521A1500E09325 /* PBXTargetDependency */,
			);
			name = "猜彈專家UITests";
			productName = "猜彈專家UITests";
			productReference = 18E464A622521A1500E09325 /* 猜彈專家UITests.xctest */;
			productType = "com.apple.product-type.bundle.ui-testing";
		};
/* End PBXNativeTarget section */

/* Begin PBXProject section */
		18E4647F22521A1400E09325 /* Project object */ = {
			isa = PBXProject;
			attributes = {
				LastSwiftUpdateCheck = 1010;
				LastUpgradeCheck = 1010;
				ORGANIZATIONNAME = WADE;
				TargetAttributes = {
					18E4648622521A1400E09325 = {
						CreatedOnToolsVersion = 10.1;
					};
					18E4649A22521A1500E09325 = {
						CreatedOnToolsVersion = 10.1;
						TestTargetID = 18E4648622521A1400E09325;
					};
					18E464A522521A1500E09325 = {
						CreatedOnToolsVersion = 10.1;
						TestTargetID = 18E4648622521A1400E09325;
					};
				};
			};
			buildConfigurationList = 18E4648222521A1400E09325 /* Build configuration list for PBXProject "猜彈專家" */;
			compatibilityVersion = "Xcode 9.3";
			developmentRegion = en;
			hasScannedForEncodings = 0;
			knownRegions = (
				en,
				Base,
			);
			mainGroup = 18E4647E22521A1400E09325;
			productRefGroup = 18E4648822521A1400E09325 /* Products */;
			projectDirPath = "";
			projectRoot = "";
			targets = (
				18E4648622521A1400E09325 /* 猜彈專家 */,
				18E4649A22521A1500E09325 /* 猜彈專家Tests */,
				18E464A522521A1500E09325 /* 猜彈專家UITests */,
			);
		};
/* End PBXProject section */

/* Begin PBXResourcesBuildPhase section */
		18E4648522521A1400E09325 /* Resources */ = {
			isa = PBXResourcesBuildPhase;
			buildActionMask = 2147483647;
			files = (
				18E4649522521A1500E09325 /* LaunchScreen.storyboard in Resources */,
				18E4649222521A1500E09325 /* Assets.xcassets in Resources */,
				18E4649022521A1400E09325 /* Main.storyboard in Resources */,
			);
			runOnlyForDeploymentPostprocessing = 0;
		};
		18E4649922521A1500E09325 /* Resources */ = {
			isa = PBXResourcesBuildPhase;
			buildActionMask = 2147483647;
			files = (
			);
			runOnlyForDeploymentPostprocessing = 0;
		};
		18E464A422521A1500E09325 /* Resources */ = {
			isa = PBXResourcesBuildPhase;
			buildActionMask = 2147483647;
			files = (
			);
			runOnlyForDeploymentPostprocessing = 0;
		};
/* End PBXResourcesBuildPhase section */

/* Begin PBXSourcesBuildPhase section */
		18E4648322521A1400E09325 /* Sources */ = {
			isa = PBXSourcesBuildPhase;
			buildActionMask = 2147483647;
			files = (
				18E4648D22521A1400E09325 /* ViewController.swift in Sources */,
				18E4648B22521A1400E09325 /* AppDelegate.swift in Sources */,
			);
			runOnlyForDeploymentPostprocessing = 0;
		};
		18E4649722521A1500E09325 /* Sources */ = {
			isa = PBXSourcesBuildPhase;
			buildActionMask = 2147483647;
			files = (
				18E464A022521A1500E09325 /* ____Tests.swift in Sources */,
			);
			runOnlyForDeploymentPostprocessing = 0;
		};
		18E464A222521A1500E09325 /* Sources */ = {
			isa = PBXSourcesBuildPhase;
			buildActionMask = 2147483647;
			files = (
				18E464AB22521A1500E09325 /* ____UITests.swift in Sources */,
			);
			runOnlyForDeploymentPostprocessing = 0;
		};
/* End PBXSourcesBuildPhase section */

/* Begin PBXTargetDependency section */
		18E4649D22521A1500E09325 /* PBXTargetDependency */ = {
			isa = PBXTargetDependency;
			target = 18E4648622521A1400E09325 /* 猜彈專家 */;
			targetProxy = 18E4649C22521A1500E09325 /* PBXContainerItemProxy */;
		};
		18E464A822521A1500E09325 /* PBXTargetDependency */ = {
			isa = PBXTargetDependency;
			target = 18E4648622521A1400E09325 /* 猜彈專家 */;
			targetProxy = 18E464A722521A1500E09325 /* PBXContainerItemProxy */;
		};
/* End PBXTargetDependency section */

/* Begin PBXVariantGroup section */
		18E4648E22521A1400E09325 /* Main.storyboard */ = {
			isa = PBXVariantGroup;
			children = (
				18E4648F22521A1400E09325 /* Base */,
			);
			name = Main.storyboard;
			sourceTree = "<group>";
		};
		18E4649322521A1500E09325 /* LaunchScreen.storyboard */ = {
			isa = PBXVariantGroup;
			children = (
				18E4649422521A1500E09325 /* Base */,
			);
			name = LaunchScreen.storyboard;
			sourceTree = "<group>";
		};
/* End PBXVariantGroup section */

/* Begin XCBuildConfiguration section */
		18E464AD22521A1500E09325 /* Debug */ = {
			isa = XCBuildConfiguration;
			buildSettings = {
				ALWAYS_SEARCH_USER_PATHS = NO;
				CLANG_ANALYZER_NONNULL = YES;
				CLANG_ANALYZER_NUMBER_OBJECT_CONVERSION = YES_AGGRESSIVE;
				CLANG_CXX_LANGUAGE_STANDARD = "gnu++14";
				CLANG_CXX_LIBRARY = "libc++";
				CLANG_ENABLE_MODULES = YES;
				CLANG_ENABLE_OBJC_ARC = YES;
				CLANG_ENABLE_OBJC_WEAK = YES;
				CLANG_WARN_BLOCK_CAPTURE_AUTORELEASING = YES;
				CLANG_WARN_BOOL_CONVERSION = YES;
				CLANG_WARN_COMMA = YES;
				CLANG_WARN_CONSTANT_CONVERSION = YES;
				CLANG_WARN_DEPRECATED_OBJC_IMPLEMENTATIONS = YES;
				CLANG_WARN_DIRECT_OBJC_ISA_USAGE = YES_ERROR;
				CLANG_WARN_DOCUMENTATION_COMMENTS = YES;
				CLANG_WARN_EMPTY_BODY = YES;
				CLANG_WARN_ENUM_CONVERSION = YES;
				CLANG_WARN_INFINITE_RECURSION = YES;
				CLANG_WARN_INT_CONVERSION = YES;
				CLANG_WARN_NON_LITERAL_NULL_CONVERSION = YES;
				CLANG_WARN_OBJC_IMPLICIT_RETAIN_SELF = YES;
				CLANG_WARN_OBJC_LITERAL_CONVERSION = YES;
				CLANG_WARN_OBJC_ROOT_CLASS = YES_ERROR;
				CLANG_WARN_RANGE_LOOP_ANALYSIS = YES;
				CLANG_WARN_STRICT_PROTOTYPES = YES;
				CLANG_WARN_SUSPICIOUS_MOVE = YES;
				CLANG_WARN_UNGUARDED_AVAILABILITY = YES_AGGRESSIVE;
				CLANG_WARN_UNREACHABLE_CODE = YES;
				CLANG_WARN__DUPLICATE_METHOD_MATCH = YES;
				CODE_SIGN_IDENTITY = "iPhone Developer";
				COPY_PHASE_STRIP = NO;
				DEBUG_INFORMATION_FORMAT = dwarf;
				ENABLE_STRICT_OBJC_MSGSEND = YES;
				ENABLE_TESTABILITY = YES;
				GCC_C_LANGUAGE_STANDARD = gnu11;
				GCC_DYNAMIC_NO_PIC = NO;
				GCC_NO_COMMON_BLOCKS = YES;
				GCC_OPTIMIZATION_LEVEL = 0;
				GCC_PREPROCESSOR_DEFINITIONS = (
					"DEBUG=1",
					"$(inherited)",
				);
				GCC_WARN_64_TO_32_BIT_CONVERSION = YES;
				GCC_WARN_ABOUT_RETURN_TYPE = YES_ERROR;
				GCC_WARN_UNDECLARED_SELECTOR = YES;
				GCC_WARN_UNINITIALIZED_AUTOS = YES_AGGRESSIVE;
				GCC_WARN_UNUSED_FUNCTION = YES;
				GCC_WARN_UNUSED_VARIABLE = YES;
				IPHONEOS_DEPLOYMENT_TARGET = 12.1;
				MTL_ENABLE_DEBUG_INFO = INCLUDE_SOURCE;
				MTL_FAST_MATH = YES;
				ONLY_ACTIVE_ARCH = YES;
				SDKROOT = iphoneos;
				SWIFT_ACTIVE_COMPILATION_CONDITIONS = DEBUG;
				SWIFT_OPTIMIZATION_LEVEL = "-Onone";
			};
			name = Debug;
		};
		18E464AE22521A1500E09325 /* Release */ = {
			isa = XCBuildConfiguration;
			buildSettings = {
				ALWAYS_SEARCH_USER_PATHS = NO;
				CLANG_ANALYZER_NONNULL = YES;
				CLANG_ANALYZER_NUMBER_OBJECT_CONVERSION = YES_AGGRESSIVE;
				CLANG_CXX_LANGUAGE_STANDARD = "gnu++14";
				CLANG_CXX_LIBRARY = "libc++";
				CLANG_ENABLE_MODULES = YES;
				CLANG_ENABLE_OBJC_ARC = YES;
				CLANG_ENABLE_OBJC_WEAK = YES;
				CLANG_WARN_BLOCK_CAPTURE_AUTORELEASING = YES;
				CLANG_WARN_BOOL_CONVERSION = YES;
				CLANG_WARN_COMMA = YES;
				CLANG_WARN_CONSTANT_CONVERSION = YES;
				CLANG_WARN_DEPRECATED_OBJC_IMPLEMENTATIONS = YES;
				CLANG_WARN_DIRECT_OBJC_ISA_USAGE = YES_ERROR;
				CLANG_WARN_DOCUMENTATION_COMMENTS = YES;
				CLANG_WARN_EMPTY_BODY = YES;
				CLANG_WARN_ENUM_CONVERSION = YES;
				CLANG_WARN_INFINITE_RECURSION = YES;
				CLANG_WARN_INT_CONVERSION = YES;
				CLANG_WARN_NON_LITERAL_NULL_CONVERSION = YES;
				CLANG_WARN_OBJC_IMPLICIT_RETAIN_SELF = YES;
				CLANG_WARN_OBJC_LITERAL_CONVERSION = YES;
				CLANG_WARN_OBJC_ROOT_CLASS = YES_ERROR;
				CLANG_WARN_RANGE_LOOP_ANALYSIS = YES;
				CLANG_WARN_STRICT_PROTOTYPES = YES;
				CLANG_WARN_SUSPICIOUS_MOVE = YES;
				CLANG_WARN_UNGUARDED_AVAILABILITY = YES_AGGRESSIVE;
				CLANG_WARN_UNREACHABLE_CODE = YES;
				CLANG_WARN__DUPLICATE_METHOD_MATCH = YES;
				CODE_SIGN_IDENTITY = "iPhone Developer";
				COPY_PHASE_STRIP = NO;
				DEBUG_INFORMATION_FORMAT = "dwarf-with-dsym";
				ENABLE_NS_ASSERTIONS = NO;
				ENABLE_STRICT_OBJC_MSGSEND = YES;
				GCC_C_LANGUAGE_STANDARD = gnu11;
				GCC_NO_COMMON_BLOCKS = YES;
				GCC_WARN_64_TO_32_BIT_CONVERSION = YES;
				GCC_WARN_ABOUT_RETURN_TYPE = YES_ERROR;
				GCC_WARN_UNDECLARED_SELECTOR = YES;
				GCC_WARN_UNINITIALIZED_AUTOS = YES_AGGRESSIVE;
				GCC_WARN_UNUSED_FUNCTION = YES;
				GCC_WARN_UNUSED_VARIABLE = YES;
				IPHONEOS_DEPLOYMENT_TARGET = 12.1;
				MTL_ENABLE_DEBUG_INFO = NO;
				MTL_FAST_MATH = YES;
				SDKROOT = iphoneos;
				SWIFT_COMPILATION_MODE = wholemodule;
				SWIFT_OPTIMIZATION_LEVEL = "-O";
				VALIDATE_PRODUCT = YES;
			};
			name = Release;
		};
		18E464B022521A1500E09325 /* Debug */ = {
			isa = XCBuildConfiguration;
			buildSettings = {
				ASSETCATALOG_COMPILER_APPICON_NAME = "AppIcon-1";
				CODE_SIGN_STYLE = Automatic;
				DEVELOPMENT_TEAM = 5VC2DQQ9MD;
				INFOPLIST_FILE = "猜彈專家/Info.plist";
				LD_RUNPATH_SEARCH_PATHS = (
					"$(inherited)",
					"@executable_path/Frameworks",
				);
				PRODUCT_BUNDLE_IDENTIFIER = "com.WadeSHUN.----";
				PRODUCT_NAME = "$(TARGET_NAME)";
				SWIFT_VERSION = 4.2;
				TARGETED_DEVICE_FAMILY = "1,2";
			};
			name = Debug;
		};
		18E464B122521A1500E09325 /* Release */ = {
			isa = XCBuildConfiguration;
			buildSettings = {
				ASSETCATALOG_COMPILER_APPICON_NAME = "AppIcon-1";
				CODE_SIGN_STYLE = Automatic;
				DEVELOPMENT_TEAM = 5VC2DQQ9MD;
				INFOPLIST_FILE = "猜彈專家/Info.plist";
				LD_RUNPATH_SEARCH_PATHS = (
					"$(inherited)",
					"@executable_path/Frameworks",
				);
				PRODUCT_BUNDLE_IDENTIFIER = "com.WadeSHUN.----";
				PRODUCT_NAME = "$(TARGET_NAME)";
				SWIFT_VERSION = 4.2;
				TARGETED_DEVICE_FAMILY = "1,2";
			};
			name = Release;
		};
		18E464B322521A1500E09325 /* Debug */ = {
			isa = XCBuildConfiguration;
			buildSettings = {
				ALWAYS_EMBED_SWIFT_STANDARD_LIBRARIES = YES;
				BUNDLE_LOADER = "$(TEST_HOST)";
				CODE_SIGN_STYLE = Automatic;
				DEVELOPMENT_TEAM = 5VC2DQQ9MD;
				INFOPLIST_FILE = "猜彈專家Tests/Info.plist";
				LD_RUNPATH_SEARCH_PATHS = (
					"$(inherited)",
					"@executable_path/Frameworks",
					"@loader_path/Frameworks",
				);
				PRODUCT_BUNDLE_IDENTIFIER = "com.WadeSHUN.----Tests";
				PRODUCT_NAME = "$(TARGET_NAME)";
				SWIFT_VERSION = 4.2;
				TARGETED_DEVICE_FAMILY = "1,2";
				TEST_HOST = "$(BUILT_PRODUCTS_DIR)/猜彈專家.app/猜彈專家";
			};
			name = Debug;
		};
		18E464B422521A1500E09325 /* Release */ = {
			isa = XCBuildConfiguration;
			buildSettings = {
				ALWAYS_EMBED_SWIFT_STANDARD_LIBRARIES = YES;
				BUNDLE_LOADER = "$(TEST_HOST)";
				CODE_SIGN_STYLE = Automatic;
				DEVELOPMENT_TEAM = 5VC2DQQ9MD;
				INFOPLIST_FILE = "猜彈專家Tests/Info.plist";
				LD_RUNPATH_SEARCH_PATHS = (
					"$(inherited)",
					"@executable_path/Frameworks",
					"@loader_path/Frameworks",
				);
				PRODUCT_BUNDLE_IDENTIFIER = "com.WadeSHUN.----Tests";
				PRODUCT_NAME = "$(TARGET_NAME)";
				SWIFT_VERSION = 4.2;
				TARGETED_DEVICE_FAMILY = "1,2";
				TEST_HOST = "$(BUILT_PRODUCTS_DIR)/猜彈專家.app/猜彈專家";
			};
			name = Release;
		};
		18E464B622521A1500E09325 /* Debug */ = {
			isa = XCBuildConfiguration;
			buildSettings = {
				ALWAYS_EMBED_SWIFT_STANDARD_LIBRARIES = YES;
				CODE_SIGN_STYLE = Automatic;
				DEVELOPMENT_TEAM = 5VC2DQQ9MD;
				INFOPLIST_FILE = "猜彈專家UITests/Info.plist";
				LD_RUNPATH_SEARCH_PATHS = (
					"$(inherited)",
					"@executable_path/Frameworks",
					"@loader_path/Frameworks",
				);
				PRODUCT_BUNDLE_IDENTIFIER = "com.WadeSHUN.----UITests";
				PRODUCT_NAME = "$(TARGET_NAME)";
				SWIFT_VERSION = 4.2;
				TARGETED_DEVICE_FAMILY = "1,2";
				TEST_TARGET_NAME = "猜彈專家";
			};
			name = Debug;
		};
		18E464B722521A1500E09325 /* Release */ = {
			isa = XCBuildConfiguration;
			buildSettings = {
				ALWAYS_EMBED_SWIFT_STANDARD_LIBRARIES = YES;
				CODE_SIGN_STYLE = Automatic;
				DEVELOPMENT_TEAM = 5VC2DQQ9MD;
				INFOPLIST_FILE = "猜彈專家UITests/Info.plist";
				LD_RUNPATH_SEARCH_PATHS = (
					"$(inherited)",
					"@executable_path/Frameworks",
					"@loader_path/Frameworks",
				);
				PRODUCT_BUNDLE_IDENTIFIER = "com.WadeSHUN.----UITests";
				PRODUCT_NAME = "$(TARGET_NAME)";
				SWIFT_VERSION = 4.2;
				TARGETED_DEVICE_FAMILY = "1,2";
				TEST_TARGET_NAME = "猜彈專家";
			};
			name = Release;
		};
/* End XCBuildConfiguration section */

/* Begin XCConfigurationList section */
		18E4648222521A1400E09325 /* Build configuration list for PBXProject "猜彈專家" */ = {
			isa = XCConfigurationList;
			buildConfigurations = (
				18E464AD22521A1500E09325 /* Debug */,
				18E464AE22521A1500E09325 /* Release */,
			);
			defaultConfigurationIsVisible = 0;
			defaultConfigurationName = Release;
		};
		18E464AF22521A1500E09325 /* Build configuration list for PBXNativeTarget "猜彈專家" */ = {
			isa = XCConfigurationList;
			buildConfigurations = (
				18E464B022521A1500E09325 /* Debug */,
				18E464B122521A1500E09325 /* Release */,
			);
			defaultConfigurationIsVisible = 0;
			defaultConfigurationName = Release;
		};
		18E464B222521A1500E09325 /* Build configuration list for PBXNativeTarget "猜彈專家Tests" */ = {
			isa = XCConfigurationList;
			buildConfigurations = (
				18E464B322521A1500E09325 /* Debug */,
				18E464B422521A1500E09325 /* Release */,
			);
			defaultConfigurationIsVisible = 0;
			defaultConfigurationName = Release;
		};
		18E464B522521A1500E09325 /* Build configuration list for PBXNativeTarget "猜彈專家UITests" */ = {
			isa = XCConfigurationList;
			buildConfigurations = (
				18E464B622521A1500E09325 /* Debug */,
				18E464B722521A1500E09325 /* Release */,
			);
			defaultConfigurationIsVisible = 0;
			defaultConfigurationName = Release;
		};
/* End XCConfigurationList section */
	};
	rootObject = 18E4647F22521A1400E09325 /* Project object */;
}
